{
  "object": {
    "pins": [
      {
        "package": "BabyNet",
        "repositoryURL": "https://github.com/4440449/BabyNet",
        "state": {
          "branch": "master",
          "revision": "6bc23db6eec3ee0742136eb5ebeb79e6a1a1f6dc",
          "version": null
        }
      }
    ]
  },
  "version": 1
}
