{
  "object": {
    "pins": [
      {
        "package": "BabyNet",
        "repositoryURL": "https://github.com/4440449/BabyNet",
        "state": {
          "branch": "master",
          "revision": "bdaffc0c61a25eea3c2e6b29e2a81736fb6a850e",
          "version": null
        }
      }
    ]
  },
  "version": 1
}
