{
  "object": {
    "pins": [
      {
        "package": "BabyNet",
        "repositoryURL": "https://github.com/4440449/BabyNet",
        "state": {
          "branch": "master",
          "revision": "5d3ec42fff86730efaaa52d0fda3b783ec9ce99c",
          "version": null
        }
      }
    ]
  },
  "version": 1
}
