// !$*UTF8*$!
{
	archiveVersion = 1;
	classes = {
	};
	objectVersion = 55;
	objects = {

/* Begin PBXBuildFile section */
		9448E9C2284CB2AB0024A7BC /* DetailSceneWebView_SP.swift in Sources */ = {isa = PBXBuildFile; fileRef = 9448E9C1284CB2AB0024A7BC /* DetailSceneWebView_SP.swift */; };
		9448E9C5284CB3B80024A7BC /* DetailSceneWebViewDelegate_SP.swift in Sources */ = {isa = PBXBuildFile; fileRef = 9448E9C4284CB3B80024A7BC /* DetailSceneWebViewDelegate_SP.swift */; };
		9448E9C8284CBDDE0024A7BC /* SceneConfigurator_SP.swift in Sources */ = {isa = PBXBuildFile; fileRef = 9448E9C7284CBDDE0024A7BC /* SceneConfigurator_SP.swift */; };
		9448E9CB284CCBEC0024A7BC /* DetailSceneConfigurator_SP.swift in Sources */ = {isa = PBXBuildFile; fileRef = 9448E9CA284CCBEC0024A7BC /* DetailSceneConfigurator_SP.swift */; };
		9448E9CE284CCC620024A7BC /* MainSceneConfigurator_SP.swift in Sources */ = {isa = PBXBuildFile; fileRef = 9448E9CD284CCC620024A7BC /* MainSceneConfigurator_SP.swift */; };
		944FB72A284A43EE00E5B382 /* Extensions_SP.swift in Sources */ = {isa = PBXBuildFile; fileRef = 944FB729284A43EE00E5B382 /* Extensions_SP.swift */; };
		944FB72D284A471900E5B382 /* Montserrat-Thin.ttf in Resources */ = {isa = PBXBuildFile; fileRef = 944FB72C284A471900E5B382 /* Montserrat-Thin.ttf */; };
		944FB732284A48A200E5B382 /* Montserrat-ExtraBold.ttf in Resources */ = {isa = PBXBuildFile; fileRef = 944FB731284A473500E5B382 /* Montserrat-ExtraBold.ttf */; };
		944FB733284A48A400E5B382 /* Montserrat-Bold.ttf in Resources */ = {isa = PBXBuildFile; fileRef = 944FB730284A473000E5B382 /* Montserrat-Bold.ttf */; };
		944FB734284A48A600E5B382 /* Montserrat-Black.ttf in Resources */ = {isa = PBXBuildFile; fileRef = 944FB72F284A472B00E5B382 /* Montserrat-Black.ttf */; };
		944FB735284A48A800E5B382 /* Montserrat-Regular.ttf in Resources */ = {isa = PBXBuildFile; fileRef = 944FB72E284A472400E5B382 /* Montserrat-Regular.ttf */; };
		944FB739284A89EE00E5B382 /* DetailScene_SP.swift in Sources */ = {isa = PBXBuildFile; fileRef = 944FB738284A89EE00E5B382 /* DetailScene_SP.swift */; };
		9458BDBE285DF0EB00CF3E61 /* ErrorHandler_SP.swift in Sources */ = {isa = PBXBuildFile; fileRef = 9458BDBD285DF0EB00CF3E61 /* ErrorHandler_SP.swift */; };
		9464928927C5524F00388E37 /* Samoprikorm_SPApp.swift in Sources */ = {isa = PBXBuildFile; fileRef = 9464928827C5524F00388E37 /* Samoprikorm_SPApp.swift */; };
		9464928B27C5524F00388E37 /* MainScene_SP.swift in Sources */ = {isa = PBXBuildFile; fileRef = 9464928A27C5524F00388E37 /* MainScene_SP.swift */; };
		9464928D27C5525200388E37 /* Assets.xcassets in Resources */ = {isa = PBXBuildFile; fileRef = 9464928C27C5525200388E37 /* Assets.xcassets */; };
		9464929027C5525200388E37 /* Preview Assets.xcassets in Resources */ = {isa = PBXBuildFile; fileRef = 9464928F27C5525200388E37 /* Preview Assets.xcassets */; };
		946492A127C5935D00388E37 /* State_SP.swift in Sources */ = {isa = PBXBuildFile; fileRef = 946492A027C5935D00388E37 /* State_SP.swift */; };
		946492A427C5967500388E37 /* Store_SP.swift in Sources */ = {isa = PBXBuildFile; fileRef = 946492A327C5967500388E37 /* Store_SP.swift */; };
		94768A792847BE7E00980844 /* Reducer_SP.swift in Sources */ = {isa = PBXBuildFile; fileRef = 94768A782847BE7E00980844 /* Reducer_SP.swift */; };
		94768A7C2847BEDA00980844 /* Action_SP.swift in Sources */ = {isa = PBXBuildFile; fileRef = 94768A7B2847BEDA00980844 /* Action_SP.swift */; };
		94A74EE128521CEA00C8777D /* ProductCardNetworkEntity_SP.swift in Sources */ = {isa = PBXBuildFile; fileRef = 94A74EE028521CEA00C8777D /* ProductCardNetworkEntity_SP.swift */; };
		94ACA1182852097B00E971E1 /* BabyNet in Frameworks */ = {isa = PBXBuildFile; productRef = 94ACA1172852097B00E971E1 /* BabyNet */; };
		94ACA11A28520A1A00E971E1 /* ProductCardsRepository_SP.swift in Sources */ = {isa = PBXBuildFile; fileRef = 94ACA11928520A1A00E971E1 /* ProductCardsRepository_SP.swift */; };
		94ACA11F28520A7C00E971E1 /* ProductCardNetworkRepository_SP.swift in Sources */ = {isa = PBXBuildFile; fileRef = 94ACA11E28520A7C00E971E1 /* ProductCardNetworkRepository_SP.swift */; };
		94E691F7285AAE010061E0BF /* ProductCardGateway_SP.swift in Sources */ = {isa = PBXBuildFile; fileRef = 94E691F6285AAE010061E0BF /* ProductCardGateway_SP.swift */; };
		94E691F9285AAE0E0061E0BF /* ProductCard_SP.swift in Sources */ = {isa = PBXBuildFile; fileRef = 94E691F8285AAE0E0061E0BF /* ProductCard_SP.swift */; };
/* End PBXBuildFile section */

/* Begin PBXFileReference section */
		9448E9C1284CB2AB0024A7BC /* DetailSceneWebView_SP.swift */ = {isa = PBXFileReference; lastKnownFileType = sourcecode.swift; path = DetailSceneWebView_SP.swift; sourceTree = "<group>"; };
		9448E9C4284CB3B80024A7BC /* DetailSceneWebViewDelegate_SP.swift */ = {isa = PBXFileReference; lastKnownFileType = sourcecode.swift; path = DetailSceneWebViewDelegate_SP.swift; sourceTree = "<group>"; };
		9448E9C7284CBDDE0024A7BC /* SceneConfigurator_SP.swift */ = {isa = PBXFileReference; lastKnownFileType = sourcecode.swift; path = SceneConfigurator_SP.swift; sourceTree = "<group>"; };
		9448E9CA284CCBEC0024A7BC /* DetailSceneConfigurator_SP.swift */ = {isa = PBXFileReference; lastKnownFileType = sourcecode.swift; path = DetailSceneConfigurator_SP.swift; sourceTree = "<group>"; };
		9448E9CD284CCC620024A7BC /* MainSceneConfigurator_SP.swift */ = {isa = PBXFileReference; lastKnownFileType = sourcecode.swift; path = MainSceneConfigurator_SP.swift; sourceTree = "<group>"; };
		944FB729284A43EE00E5B382 /* Extensions_SP.swift */ = {isa = PBXFileReference; lastKnownFileType = sourcecode.swift; path = Extensions_SP.swift; sourceTree = "<group>"; };
		944FB72C284A471900E5B382 /* Montserrat-Thin.ttf */ = {isa = PBXFileReference; lastKnownFileType = file; path = "Montserrat-Thin.ttf"; sourceTree = "<group>"; };
		944FB72E284A472400E5B382 /* Montserrat-Regular.ttf */ = {isa = PBXFileReference; lastKnownFileType = file; path = "Montserrat-Regular.ttf"; sourceTree = "<group>"; };
		944FB72F284A472B00E5B382 /* Montserrat-Black.ttf */ = {isa = PBXFileReference; lastKnownFileType = file; path = "Montserrat-Black.ttf"; sourceTree = "<group>"; };
		944FB730284A473000E5B382 /* Montserrat-Bold.ttf */ = {isa = PBXFileReference; lastKnownFileType = file; path = "Montserrat-Bold.ttf"; sourceTree = "<group>"; };
		944FB731284A473500E5B382 /* Montserrat-ExtraBold.ttf */ = {isa = PBXFileReference; lastKnownFileType = file; path = "Montserrat-ExtraBold.ttf"; sourceTree = "<group>"; };
		944FB738284A89EE00E5B382 /* DetailScene_SP.swift */ = {isa = PBXFileReference; lastKnownFileType = sourcecode.swift; path = DetailScene_SP.swift; sourceTree = "<group>"; };
		9458BDBD285DF0EB00CF3E61 /* ErrorHandler_SP.swift */ = {isa = PBXFileReference; lastKnownFileType = sourcecode.swift; path = ErrorHandler_SP.swift; sourceTree = "<group>"; };
		9464928527C5524F00388E37 /* Samoprikorm_SP.app */ = {isa = PBXFileReference; explicitFileType = wrapper.application; includeInIndex = 0; path = Samoprikorm_SP.app; sourceTree = BUILT_PRODUCTS_DIR; };
		9464928827C5524F00388E37 /* Samoprikorm_SPApp.swift */ = {isa = PBXFileReference; lastKnownFileType = sourcecode.swift; path = Samoprikorm_SPApp.swift; sourceTree = "<group>"; };
		9464928A27C5524F00388E37 /* MainScene_SP.swift */ = {isa = PBXFileReference; lastKnownFileType = sourcecode.swift; path = MainScene_SP.swift; sourceTree = "<group>"; };
		9464928C27C5525200388E37 /* Assets.xcassets */ = {isa = PBXFileReference; lastKnownFileType = folder.assetcatalog; path = Assets.xcassets; sourceTree = "<group>"; };
		9464928F27C5525200388E37 /* Preview Assets.xcassets */ = {isa = PBXFileReference; lastKnownFileType = folder.assetcatalog; path = "Preview Assets.xcassets"; sourceTree = "<group>"; };
		946492A027C5935D00388E37 /* State_SP.swift */ = {isa = PBXFileReference; lastKnownFileType = sourcecode.swift; path = State_SP.swift; sourceTree = "<group>"; };
		946492A327C5967500388E37 /* Store_SP.swift */ = {isa = PBXFileReference; lastKnownFileType = sourcecode.swift; path = Store_SP.swift; sourceTree = "<group>"; };
		94768A782847BE7E00980844 /* Reducer_SP.swift */ = {isa = PBXFileReference; lastKnownFileType = sourcecode.swift; path = Reducer_SP.swift; sourceTree = "<group>"; };
		94768A7B2847BEDA00980844 /* Action_SP.swift */ = {isa = PBXFileReference; lastKnownFileType = sourcecode.swift; path = Action_SP.swift; sourceTree = "<group>"; };
		94A74EE028521CEA00C8777D /* ProductCardNetworkEntity_SP.swift */ = {isa = PBXFileReference; lastKnownFileType = sourcecode.swift; path = ProductCardNetworkEntity_SP.swift; sourceTree = "<group>"; };
		94ACA11928520A1A00E971E1 /* ProductCardsRepository_SP.swift */ = {isa = PBXFileReference; lastKnownFileType = sourcecode.swift; path = ProductCardsRepository_SP.swift; sourceTree = "<group>"; };
		94ACA11E28520A7C00E971E1 /* ProductCardNetworkRepository_SP.swift */ = {isa = PBXFileReference; lastKnownFileType = sourcecode.swift; path = ProductCardNetworkRepository_SP.swift; sourceTree = "<group>"; };
		94D349FD284B780000DDE363 /* Samoprikorm-SP-Info.plist */ = {isa = PBXFileReference; lastKnownFileType = text.plist; path = "Samoprikorm-SP-Info.plist"; sourceTree = SOURCE_ROOT; };
		94E691F6285AAE010061E0BF /* ProductCardGateway_SP.swift */ = {isa = PBXFileReference; fileEncoding = 4; lastKnownFileType = sourcecode.swift; path = ProductCardGateway_SP.swift; sourceTree = "<group>"; };
		94E691F8285AAE0E0061E0BF /* ProductCard_SP.swift */ = {isa = PBXFileReference; fileEncoding = 4; lastKnownFileType = sourcecode.swift; path = ProductCard_SP.swift; sourceTree = "<group>"; };
/* End PBXFileReference section */

/* Begin PBXFrameworksBuildPhase section */
		9464928227C5524F00388E37 /* Frameworks */ = {
			isa = PBXFrameworksBuildPhase;
			buildActionMask = 2147483647;
			files = (
				94ACA1182852097B00E971E1 /* BabyNet in Frameworks */,
			);
			runOnlyForDeploymentPostprocessing = 0;
		};
/* End PBXFrameworksBuildPhase section */

/* Begin PBXGroup section */
		9448E9C3284CB2B00024A7BC /* WebView */ = {
			isa = PBXGroup;
			children = (
				9448E9C1284CB2AB0024A7BC /* DetailSceneWebView_SP.swift */,
				9448E9C6284CB3EB0024A7BC /* Delegate */,
			);
			path = WebView;
			sourceTree = "<group>";
		};
		9448E9C6284CB3EB0024A7BC /* Delegate */ = {
			isa = PBXGroup;
			children = (
				9448E9C4284CB3B80024A7BC /* DetailSceneWebViewDelegate_SP.swift */,
			);
			path = Delegate;
			sourceTree = "<group>";
		};
		9448E9C9284CBDF00024A7BC /* Configurator */ = {
			isa = PBXGroup;
			children = (
				9448E9C7284CBDDE0024A7BC /* SceneConfigurator_SP.swift */,
			);
			path = Configurator;
			sourceTree = "<group>";
		};
		9448E9CC284CCBF10024A7BC /* Configurator */ = {
			isa = PBXGroup;
			children = (
				9448E9CA284CCBEC0024A7BC /* DetailSceneConfigurator_SP.swift */,
			);
			path = Configurator;
			sourceTree = "<group>";
		};
		9448E9CF284CCC670024A7BC /* Configurator */ = {
			isa = PBXGroup;
			children = (
				9448E9CD284CCC620024A7BC /* MainSceneConfigurator_SP.swift */,
			);
			path = Configurator;
			sourceTree = "<group>";
		};
		944FB73A284A89F600E5B382 /* Detail */ = {
			isa = PBXGroup;
			children = (
				9448E9CC284CCBF10024A7BC /* Configurator */,
				94D349FE284B8F2600DDE363 /* View */,
			);
			path = Detail;
			sourceTree = "<group>";
		};
		9458BDBF285DF0EE00CF3E61 /* ErrorHandler */ = {
			isa = PBXGroup;
			children = (
				9458BDBD285DF0EB00CF3E61 /* ErrorHandler_SP.swift */,
			);
			name = ErrorHandler;
			sourceTree = "<group>";
		};
		9464927C27C5524F00388E37 = {
			isa = PBXGroup;
			children = (
				9464928727C5524F00388E37 /* Samoprikorm_SP */,
				9464928627C5524F00388E37 /* Products */,
			);
			sourceTree = "<group>";
		};
		9464928627C5524F00388E37 /* Products */ = {
			isa = PBXGroup;
			children = (
				9464928527C5524F00388E37 /* Samoprikorm_SP.app */,
			);
			name = Products;
			sourceTree = "<group>";
		};
		9464928727C5524F00388E37 /* Samoprikorm_SP */ = {
			isa = PBXGroup;
			children = (
				94D349FD284B780000DDE363 /* Samoprikorm-SP-Info.plist */,
				9464928827C5524F00388E37 /* Samoprikorm_SPApp.swift */,
				94E691EE285AAD730061E0BF /* Domain */,
				94ACA11D28520A5400E971E1 /* Data */,
				9464929827C5682500388E37 /* Presentation */,
				9464928C27C5525200388E37 /* Assets.xcassets */,
				944FB731284A473500E5B382 /* Montserrat-ExtraBold.ttf */,
				944FB730284A473000E5B382 /* Montserrat-Bold.ttf */,
				944FB72F284A472B00E5B382 /* Montserrat-Black.ttf */,
				944FB72E284A472400E5B382 /* Montserrat-Regular.ttf */,
				944FB72C284A471900E5B382 /* Montserrat-Thin.ttf */,
				9464928E27C5525200388E37 /* Preview Content */,
			);
			path = Samoprikorm_SP;
			sourceTree = "<group>";
		};
		9464928E27C5525200388E37 /* Preview Content */ = {
			isa = PBXGroup;
			children = (
				9464928F27C5525200388E37 /* Preview Assets.xcassets */,
			);
			path = "Preview Content";
			sourceTree = "<group>";
		};
		9464929627C5680F00388E37 /* View */ = {
			isa = PBXGroup;
			children = (
				9464928A27C5524F00388E37 /* MainScene_SP.swift */,
			);
			path = View;
			sourceTree = "<group>";
		};
		9464929727C5681700388E37 /* Main */ = {
			isa = PBXGroup;
			children = (
				9448E9CF284CCC670024A7BC /* Configurator */,
				9464929627C5680F00388E37 /* View */,
			);
			path = Main;
			sourceTree = "<group>";
		};
		9464929827C5682500388E37 /* Presentation */ = {
			isa = PBXGroup;
			children = (
				9464929F27C5697E00388E37 /* Store */,
				94E691FA285AAEA20061E0BF /* Scenes */,
				94D349FF284B900000DDE363 /* Tools */,
			);
			path = Presentation;
			sourceTree = "<group>";
		};
		9464929927C5684200388E37 /* State */ = {
			isa = PBXGroup;
			children = (
				946492A027C5935D00388E37 /* State_SP.swift */,
			);
			name = State;
			sourceTree = "<group>";
		};
		9464929F27C5697E00388E37 /* Store */ = {
			isa = PBXGroup;
			children = (
				946492A327C5967500388E37 /* Store_SP.swift */,
				94768A7E2847BEE900980844 /* Action */,
				94768A7A2847BE8500980844 /* Reducer */,
				9464929927C5684200388E37 /* State */,
			);
			name = Store;
			path = State;
			sourceTree = "<group>";
		};
		94768A7A2847BE8500980844 /* Reducer */ = {
			isa = PBXGroup;
			children = (
				94768A782847BE7E00980844 /* Reducer_SP.swift */,
			);
			name = Reducer;
			sourceTree = "<group>";
		};
		94768A7E2847BEE900980844 /* Action */ = {
			isa = PBXGroup;
			children = (
				94768A7B2847BEDA00980844 /* Action_SP.swift */,
				9458BDBF285DF0EE00CF3E61 /* ErrorHandler */,
			);
			name = Action;
			sourceTree = "<group>";
		};
		94A74EE228521CF100C8777D /* Entity */ = {
			isa = PBXGroup;
			children = (
				94A74EE028521CEA00C8777D /* ProductCardNetworkEntity_SP.swift */,
			);
			path = Entity;
			sourceTree = "<group>";
		};
		94ACA11B28520A1D00E971E1 /* ProductCard */ = {
			isa = PBXGroup;
			children = (
				94ACA11928520A1A00E971E1 /* ProductCardsRepository_SP.swift */,
				94ACA12028520A8000E971E1 /* Network */,
			);
			path = ProductCard;
			sourceTree = "<group>";
		};
		94ACA11C28520A4000E971E1 /* Gateways */ = {
			isa = PBXGroup;
			children = (
				94ACA11B28520A1D00E971E1 /* ProductCard */,
			);
			path = Gateways;
			sourceTree = "<group>";
		};
		94ACA11D28520A5400E971E1 /* Data */ = {
			isa = PBXGroup;
			children = (
				94ACA11C28520A4000E971E1 /* Gateways */,
			);
			path = Data;
			sourceTree = "<group>";
		};
		94ACA12028520A8000E971E1 /* Network */ = {
			isa = PBXGroup;
			children = (
				94ACA11E28520A7C00E971E1 /* ProductCardNetworkRepository_SP.swift */,
				94A74EE228521CF100C8777D /* Entity */,
			);
			path = Network;
			sourceTree = "<group>";
		};
		94D349FE284B8F2600DDE363 /* View */ = {
			isa = PBXGroup;
			children = (
				944FB738284A89EE00E5B382 /* DetailScene_SP.swift */,
				9448E9C3284CB2B00024A7BC /* WebView */,
			);
			path = View;
			sourceTree = "<group>";
		};
		94D349FF284B900000DDE363 /* Tools */ = {
			isa = PBXGroup;
			children = (
				9448E9C9284CBDF00024A7BC /* Configurator */,
				944FB729284A43EE00E5B382 /* Extensions_SP.swift */,
			);
			path = Tools;
			sourceTree = "<group>";
		};
		94E691EE285AAD730061E0BF /* Domain */ = {
			isa = PBXGroup;
			children = (
				94E691EF285AAD8B0061E0BF /* Entities */,
			);
			path = Domain;
			sourceTree = "<group>";
		};
		94E691EF285AAD8B0061E0BF /* Entities */ = {
			isa = PBXGroup;
			children = (
				94E691F0285AAD950061E0BF /* ProductCard */,
			);
			path = Entities;
			sourceTree = "<group>";
		};
		94E691F0285AAD950061E0BF /* ProductCard */ = {
			isa = PBXGroup;
			children = (
				94E691F8285AAE0E0061E0BF /* ProductCard_SP.swift */,
				94E691F3285AADA90061E0BF /* Gateway */,
			);
			path = ProductCard;
			sourceTree = "<group>";
		};
		94E691F3285AADA90061E0BF /* Gateway */ = {
			isa = PBXGroup;
			children = (
				94E691F6285AAE010061E0BF /* ProductCardGateway_SP.swift */,
			);
			path = Gateway;
			sourceTree = "<group>";
		};
		94E691FA285AAEA20061E0BF /* Scenes */ = {
			isa = PBXGroup;
			children = (
				9464929727C5681700388E37 /* Main */,
				944FB73A284A89F600E5B382 /* Detail */,
			);
			path = Scenes;
			sourceTree = "<group>";
		};
/* End PBXGroup section */

/* Begin PBXNativeTarget section */
		9464928427C5524F00388E37 /* Samoprikorm_SP */ = {
			isa = PBXNativeTarget;
			buildConfigurationList = 9464929327C5525200388E37 /* Build configuration list for PBXNativeTarget "Samoprikorm_SP" */;
			buildPhases = (
				9464928127C5524F00388E37 /* Sources */,
				9464928227C5524F00388E37 /* Frameworks */,
				9464928327C5524F00388E37 /* Resources */,
			);
			buildRules = (
			);
			dependencies = (
			);
			name = Samoprikorm_SP;
			packageProductDependencies = (
				94ACA1172852097B00E971E1 /* BabyNet */,
			);
			productName = Samoprikorm_SP;
			productReference = 9464928527C5524F00388E37 /* Samoprikorm_SP.app */;
			productType = "com.apple.product-type.application";
		};
/* End PBXNativeTarget section */

/* Begin PBXProject section */
		9464927D27C5524F00388E37 /* Project object */ = {
			isa = PBXProject;
			attributes = {
				BuildIndependentTargetsInParallel = 1;
				LastSwiftUpdateCheck = 1320;
				LastUpgradeCheck = 1320;
				TargetAttributes = {
					9464928427C5524F00388E37 = {
						CreatedOnToolsVersion = 13.2.1;
					};
				};
			};
			buildConfigurationList = 9464928027C5524F00388E37 /* Build configuration list for PBXProject "Samoprikorm_SP" */;
			compatibilityVersion = "Xcode 13.0";
			developmentRegion = en;
			hasScannedForEncodings = 0;
			knownRegions = (
				en,
				Base,
			);
			mainGroup = 9464927C27C5524F00388E37;
			packageReferences = (
				94ACA1162852097B00E971E1 /* XCRemoteSwiftPackageReference "BabyNet" */,
			);
			productRefGroup = 9464928627C5524F00388E37 /* Products */;
			projectDirPath = "";
			projectRoot = "";
			targets = (
				9464928427C5524F00388E37 /* Samoprikorm_SP */,
			);
		};
/* End PBXProject section */

/* Begin PBXResourcesBuildPhase section */
		9464928327C5524F00388E37 /* Resources */ = {
			isa = PBXResourcesBuildPhase;
			buildActionMask = 2147483647;
			files = (
				944FB733284A48A400E5B382 /* Montserrat-Bold.ttf in Resources */,
				9464929027C5525200388E37 /* Preview Assets.xcassets in Resources */,
				944FB735284A48A800E5B382 /* Montserrat-Regular.ttf in Resources */,
				944FB732284A48A200E5B382 /* Montserrat-ExtraBold.ttf in Resources */,
				944FB72D284A471900E5B382 /* Montserrat-Thin.ttf in Resources */,
				9464928D27C5525200388E37 /* Assets.xcassets in Resources */,
				944FB734284A48A600E5B382 /* Montserrat-Black.ttf in Resources */,
			);
			runOnlyForDeploymentPostprocessing = 0;
		};
/* End PBXResourcesBuildPhase section */

/* Begin PBXSourcesBuildPhase section */
		9464928127C5524F00388E37 /* Sources */ = {
			isa = PBXSourcesBuildPhase;
			buildActionMask = 2147483647;
			files = (
				9448E9C8284CBDDE0024A7BC /* SceneConfigurator_SP.swift in Sources */,
				9464928B27C5524F00388E37 /* MainScene_SP.swift in Sources */,
				94768A792847BE7E00980844 /* Reducer_SP.swift in Sources */,
				944FB739284A89EE00E5B382 /* DetailScene_SP.swift in Sources */,
				94ACA11A28520A1A00E971E1 /* ProductCardsRepository_SP.swift in Sources */,
				9448E9CB284CCBEC0024A7BC /* DetailSceneConfigurator_SP.swift in Sources */,
				9458BDBE285DF0EB00CF3E61 /* ErrorHandler_SP.swift in Sources */,
				9448E9C5284CB3B80024A7BC /* DetailSceneWebViewDelegate_SP.swift in Sources */,
				94ACA11F28520A7C00E971E1 /* ProductCardNetworkRepository_SP.swift in Sources */,
				9464928927C5524F00388E37 /* Samoprikorm_SPApp.swift in Sources */,
				94E691F7285AAE010061E0BF /* ProductCardGateway_SP.swift in Sources */,
				9448E9CE284CCC620024A7BC /* MainSceneConfigurator_SP.swift in Sources */,
				9448E9C2284CB2AB0024A7BC /* DetailSceneWebView_SP.swift in Sources */,
				94A74EE128521CEA00C8777D /* ProductCardNetworkEntity_SP.swift in Sources */,
				944FB72A284A43EE00E5B382 /* Extensions_SP.swift in Sources */,
				94E691F9285AAE0E0061E0BF /* ProductCard_SP.swift in Sources */,
				946492A127C5935D00388E37 /* State_SP.swift in Sources */,
				946492A427C5967500388E37 /* Store_SP.swift in Sources */,
				94768A7C2847BEDA00980844 /* Action_SP.swift in Sources */,
			);
			runOnlyForDeploymentPostprocessing = 0;
		};
/* End PBXSourcesBuildPhase section */

/* Begin XCBuildConfiguration section */
		9464929127C5525200388E37 /* Debug */ = {
			isa = XCBuildConfiguration;
			buildSettings = {
				ALWAYS_SEARCH_USER_PATHS = NO;
				CLANG_ANALYZER_NONNULL = YES;
				CLANG_ANALYZER_NUMBER_OBJECT_CONVERSION = YES_AGGRESSIVE;
				CLANG_CXX_LANGUAGE_STANDARD = "gnu++17";
				CLANG_CXX_LIBRARY = "libc++";
				CLANG_ENABLE_MODULES = YES;
				CLANG_ENABLE_OBJC_ARC = YES;
				CLANG_ENABLE_OBJC_WEAK = YES;
				CLANG_WARN_BLOCK_CAPTURE_AUTORELEASING = YES;
				CLANG_WARN_BOOL_CONVERSION = YES;
				CLANG_WARN_COMMA = YES;
				CLANG_WARN_CONSTANT_CONVERSION = YES;
				CLANG_WARN_DEPRECATED_OBJC_IMPLEMENTATIONS = YES;
				CLANG_WARN_DIRECT_OBJC_ISA_USAGE = YES_ERROR;
				CLANG_WARN_DOCUMENTATION_COMMENTS = YES;
				CLANG_WARN_EMPTY_BODY = YES;
				CLANG_WARN_ENUM_CONVERSION = YES;
				CLANG_WARN_INFINITE_RECURSION = YES;
				CLANG_WARN_INT_CONVERSION = YES;
				CLANG_WARN_NON_LITERAL_NULL_CONVERSION = YES;
				CLANG_WARN_OBJC_IMPLICIT_RETAIN_SELF = YES;
				CLANG_WARN_OBJC_LITERAL_CONVERSION = YES;
				CLANG_WARN_OBJC_ROOT_CLASS = YES_ERROR;
				CLANG_WARN_QUOTED_INCLUDE_IN_FRAMEWORK_HEADER = YES;
				CLANG_WARN_RANGE_LOOP_ANALYSIS = YES;
				CLANG_WARN_STRICT_PROTOTYPES = YES;
				CLANG_WARN_SUSPICIOUS_MOVE = YES;
				CLANG_WARN_UNGUARDED_AVAILABILITY = YES_AGGRESSIVE;
				CLANG_WARN_UNREACHABLE_CODE = YES;
				CLANG_WARN__DUPLICATE_METHOD_MATCH = YES;
				COPY_PHASE_STRIP = NO;
				DEBUG_INFORMATION_FORMAT = dwarf;
				ENABLE_STRICT_OBJC_MSGSEND = YES;
				ENABLE_TESTABILITY = YES;
				GCC_C_LANGUAGE_STANDARD = gnu11;
				GCC_DYNAMIC_NO_PIC = NO;
				GCC_NO_COMMON_BLOCKS = YES;
				GCC_OPTIMIZATION_LEVEL = 0;
				GCC_PREPROCESSOR_DEFINITIONS = (
					"DEBUG=1",
					"$(inherited)",
				);
				GCC_WARN_64_TO_32_BIT_CONVERSION = YES;
				GCC_WARN_ABOUT_RETURN_TYPE = YES_ERROR;
				GCC_WARN_UNDECLARED_SELECTOR = YES;
				GCC_WARN_UNINITIALIZED_AUTOS = YES_AGGRESSIVE;
				GCC_WARN_UNUSED_FUNCTION = YES;
				GCC_WARN_UNUSED_VARIABLE = YES;
				INFOPLIST_FILE = "";
				IPHONEOS_DEPLOYMENT_TARGET = 15.2;
				MTL_ENABLE_DEBUG_INFO = INCLUDE_SOURCE;
				MTL_FAST_MATH = YES;
				ONLY_ACTIVE_ARCH = YES;
				PRODUCT_NAME = "";
				SDKROOT = iphoneos;
				SWIFT_ACTIVE_COMPILATION_CONDITIONS = DEBUG;
				SWIFT_OPTIMIZATION_LEVEL = "-Onone";
			};
			name = Debug;
		};
		9464929227C5525200388E37 /* Release */ = {
			isa = XCBuildConfiguration;
			buildSettings = {
				ALWAYS_SEARCH_USER_PATHS = NO;
				CLANG_ANALYZER_NONNULL = YES;
				CLANG_ANALYZER_NUMBER_OBJECT_CONVERSION = YES_AGGRESSIVE;
				CLANG_CXX_LANGUAGE_STANDARD = "gnu++17";
				CLANG_CXX_LIBRARY = "libc++";
				CLANG_ENABLE_MODULES = YES;
				CLANG_ENABLE_OBJC_ARC = YES;
				CLANG_ENABLE_OBJC_WEAK = YES;
				CLANG_WARN_BLOCK_CAPTURE_AUTORELEASING = YES;
				CLANG_WARN_BOOL_CONVERSION = YES;
				CLANG_WARN_COMMA = YES;
				CLANG_WARN_CONSTANT_CONVERSION = YES;
				CLANG_WARN_DEPRECATED_OBJC_IMPLEMENTATIONS = YES;
				CLANG_WARN_DIRECT_OBJC_ISA_USAGE = YES_ERROR;
				CLANG_WARN_DOCUMENTATION_COMMENTS = YES;
				CLANG_WARN_EMPTY_BODY = YES;
				CLANG_WARN_ENUM_CONVERSION = YES;
				CLANG_WARN_INFINITE_RECURSION = YES;
				CLANG_WARN_INT_CONVERSION = YES;
				CLANG_WARN_NON_LITERAL_NULL_CONVERSION = YES;
				CLANG_WARN_OBJC_IMPLICIT_RETAIN_SELF = YES;
				CLANG_WARN_OBJC_LITERAL_CONVERSION = YES;
				CLANG_WARN_OBJC_ROOT_CLASS = YES_ERROR;
				CLANG_WARN_QUOTED_INCLUDE_IN_FRAMEWORK_HEADER = YES;
				CLANG_WARN_RANGE_LOOP_ANALYSIS = YES;
				CLANG_WARN_STRICT_PROTOTYPES = YES;
				CLANG_WARN_SUSPICIOUS_MOVE = YES;
				CLANG_WARN_UNGUARDED_AVAILABILITY = YES_AGGRESSIVE;
				CLANG_WARN_UNREACHABLE_CODE = YES;
				CLANG_WARN__DUPLICATE_METHOD_MATCH = YES;
				COPY_PHASE_STRIP = NO;
				DEBUG_INFORMATION_FORMAT = "dwarf-with-dsym";
				ENABLE_NS_ASSERTIONS = NO;
				ENABLE_STRICT_OBJC_MSGSEND = YES;
				GCC_C_LANGUAGE_STANDARD = gnu11;
				GCC_NO_COMMON_BLOCKS = YES;
				GCC_WARN_64_TO_32_BIT_CONVERSION = YES;
				GCC_WARN_ABOUT_RETURN_TYPE = YES_ERROR;
				GCC_WARN_UNDECLARED_SELECTOR = YES;
				GCC_WARN_UNINITIALIZED_AUTOS = YES_AGGRESSIVE;
				GCC_WARN_UNUSED_FUNCTION = YES;
				GCC_WARN_UNUSED_VARIABLE = YES;
				INFOPLIST_FILE = "";
				IPHONEOS_DEPLOYMENT_TARGET = 15.2;
				MTL_ENABLE_DEBUG_INFO = NO;
				MTL_FAST_MATH = YES;
				PRODUCT_NAME = "";
				SDKROOT = iphoneos;
				SWIFT_COMPILATION_MODE = wholemodule;
				SWIFT_OPTIMIZATION_LEVEL = "-O";
				VALIDATE_PRODUCT = YES;
			};
			name = Release;
		};
		9464929427C5525200388E37 /* Debug */ = {
			isa = XCBuildConfiguration;
			buildSettings = {
				ASSETCATALOG_COMPILER_APPICON_NAME = AppIcon;
				ASSETCATALOG_COMPILER_GLOBAL_ACCENT_COLOR_NAME = AccentColor;
				CODE_SIGN_STYLE = Automatic;
				CURRENT_PROJECT_VERSION = 1;
				DEVELOPMENT_ASSET_PATHS = "\"Samoprikorm_SP/Preview Content\"";
				DEVELOPMENT_TEAM = 49V2NFTYLV;
				ENABLE_PREVIEWS = YES;
				GENERATE_INFOPLIST_FILE = YES;
				INFOPLIST_FILE = "Samoprikorm-SP-Info.plist";
				INFOPLIST_KEY_UIApplicationSceneManifest_Generation = YES;
				INFOPLIST_KEY_UIApplicationSupportsIndirectInputEvents = YES;
				INFOPLIST_KEY_UILaunchScreen_Generation = YES;
				INFOPLIST_KEY_UISupportedInterfaceOrientations_iPad = "UIInterfaceOrientationPortrait UIInterfaceOrientationPortraitUpsideDown UIInterfaceOrientationLandscapeLeft UIInterfaceOrientationLandscapeRight";
				INFOPLIST_KEY_UISupportedInterfaceOrientations_iPhone = "UIInterfaceOrientationPortrait UIInterfaceOrientationLandscapeLeft UIInterfaceOrientationLandscapeRight";
				LD_RUNPATH_SEARCH_PATHS = (
					"$(inherited)",
					"@executable_path/Frameworks",
				);
				MARKETING_VERSION = 1.0;
				PRODUCT_BUNDLE_IDENTIFIER = "Terpugov-inc.Samoprikorm-SP";
				PRODUCT_NAME = "$(TARGET_NAME)";
				SWIFT_EMIT_LOC_STRINGS = YES;
				SWIFT_VERSION = 5.0;
				TARGETED_DEVICE_FAMILY = "1,2";
			};
			name = Debug;
		};
		9464929527C5525200388E37 /* Release */ = {
			isa = XCBuildConfiguration;
			buildSettings = {
				ASSETCATALOG_COMPILER_APPICON_NAME = AppIcon;
				ASSETCATALOG_COMPILER_GLOBAL_ACCENT_COLOR_NAME = AccentColor;
				CODE_SIGN_STYLE = Automatic;
				CURRENT_PROJECT_VERSION = 1;
				DEVELOPMENT_ASSET_PATHS = "\"Samoprikorm_SP/Preview Content\"";
				DEVELOPMENT_TEAM = 49V2NFTYLV;
				ENABLE_PREVIEWS = YES;
				GENERATE_INFOPLIST_FILE = YES;
				INFOPLIST_FILE = "Samoprikorm-SP-Info.plist";
				INFOPLIST_KEY_UIApplicationSceneManifest_Generation = YES;
				INFOPLIST_KEY_UIApplicationSupportsIndirectInputEvents = YES;
				INFOPLIST_KEY_UILaunchScreen_Generation = YES;
				INFOPLIST_KEY_UISupportedInterfaceOrientations_iPad = "UIInterfaceOrientationPortrait UIInterfaceOrientationPortraitUpsideDown UIInterfaceOrientationLandscapeLeft UIInterfaceOrientationLandscapeRight";
				INFOPLIST_KEY_UISupportedInterfaceOrientations_iPhone = "UIInterfaceOrientationPortrait UIInterfaceOrientationLandscapeLeft UIInterfaceOrientationLandscapeRight";
				LD_RUNPATH_SEARCH_PATHS = (
					"$(inherited)",
					"@executable_path/Frameworks",
				);
				MARKETING_VERSION = 1.0;
				PRODUCT_BUNDLE_IDENTIFIER = "Terpugov-inc.Samoprikorm-SP";
				PRODUCT_NAME = "$(TARGET_NAME)";
				SWIFT_EMIT_LOC_STRINGS = YES;
				SWIFT_VERSION = 5.0;
				TARGETED_DEVICE_FAMILY = "1,2";
			};
			name = Release;
		};
/* End XCBuildConfiguration section */

/* Begin XCConfigurationList section */
		9464928027C5524F00388E37 /* Build configuration list for PBXProject "Samoprikorm_SP" */ = {
			isa = XCConfigurationList;
			buildConfigurations = (
				9464929127C5525200388E37 /* Debug */,
				9464929227C5525200388E37 /* Release */,
			);
			defaultConfigurationIsVisible = 0;
			defaultConfigurationName = Release;
		};
		9464929327C5525200388E37 /* Build configuration list for PBXNativeTarget "Samoprikorm_SP" */ = {
			isa = XCConfigurationList;
			buildConfigurations = (
				9464929427C5525200388E37 /* Debug */,
				9464929527C5525200388E37 /* Release */,
			);
			defaultConfigurationIsVisible = 0;
			defaultConfigurationName = Release;
		};
/* End XCConfigurationList section */

/* Begin XCRemoteSwiftPackageReference section */
		94ACA1162852097B00E971E1 /* XCRemoteSwiftPackageReference "BabyNet" */ = {
			isa = XCRemoteSwiftPackageReference;
			repositoryURL = "https://github.com/4440449/BabyNet";
			requirement = {
				branch = master;
				kind = branch;
			};
		};
/* End XCRemoteSwiftPackageReference section */

/* Begin XCSwiftPackageProductDependency section */
		94ACA1172852097B00E971E1 /* BabyNet */ = {
			isa = XCSwiftPackageProductDependency;
			package = 94ACA1162852097B00E971E1 /* XCRemoteSwiftPackageReference "BabyNet" */;
			productName = BabyNet;
		};
/* End XCSwiftPackageProductDependency section */
	};
	rootObject = 9464927D27C5524F00388E37 /* Project object */;
}
